
Microsoft Visual Studio Solution File, Format Version 12.00
# Visual Studio 15
VisualStudioVersion = 15.0.26124.0
MinimumVisualStudioVersion = 15.0.26124.0
Project("{FAE04EC0-301F-11D3-BF4B-00C04F79EFBC}") = "Persistence", "Persistence\Persistence.csproj", "{16B44B15-6D3E-413B-8359-935AE918D3A6}"
EndProject
Project("{FAE04EC0-301F-11D3-BF4B-00C04F79EFBC}") = "DAL", "DAL\DAL.csproj", "{FCC33D99-5BF2-4383-9175-AC7010043BC0}"
EndProject
Project("{FAE04EC0-301F-11D3-BF4B-00C04F79EFBC}") = "BL", "BL\BL.csproj", "{F0B3D9E5-6E07-4252-851F-A3D6ED55379E}"
EndProject
Project("{FAE04EC0-301F-11D3-BF4B-00C04F79EFBC}") = "PL_Console", "PL_Console\PL_Console.csproj", "{60154748-CED1-4329-BCBF-FFBDDA87ED22}"
EndProject
Project("{FAE04EC0-301F-11D3-BF4B-00C04F79EFBC}") = "DAL.Test", "DAL.Test\DAL.Test.csproj", "{4D2A585F-3F00-4BD5-9D7B-561CA170BE47}"
EndProject
Project("{FAE04EC0-301F-11D3-BF4B-00C04F79EFBC}") = "BL.Test", "BL.Test\BL.Test.csproj", "{41AB0FDB-8DD3-4366-9E1C-DC27F39286D3}"
EndProject
Global
	GlobalSection(SolutionConfigurationPlatforms) = preSolution
		Debug|Any CPU = Debug|Any CPU
		Debug|x64 = Debug|x64
		Debug|x86 = Debug|x86
		Release|Any CPU = Release|Any CPU
		Release|x64 = Release|x64
		Release|x86 = Release|x86
	EndGlobalSection
	GlobalSection(SolutionProperties) = preSolution
		HideSolutionNode = FALSE
	EndGlobalSection
	GlobalSection(ProjectConfigurationPlatforms) = postSolution
		{16B44B15-6D3E-413B-8359-935AE918D3A6}.Debug|Any CPU.ActiveCfg = Debug|Any CPU
		{16B44B15-6D3E-413B-8359-935AE918D3A6}.Debug|Any CPU.Build.0 = Debug|Any CPU
		{16B44B15-6D3E-413B-8359-935AE918D3A6}.Debug|x64.ActiveCfg = Debug|Any CPU
		{16B44B15-6D3E-413B-8359-935AE918D3A6}.Debug|x64.Build.0 = Debug|Any CPU
		{16B44B15-6D3E-413B-8359-935AE918D3A6}.Debug|x86.ActiveCfg = Debug|Any CPU
		{16B44B15-6D3E-413B-8359-935AE918D3A6}.Debug|x86.Build.0 = Debug|Any CPU
		{16B44B15-6D3E-413B-8359-935AE918D3A6}.Release|Any CPU.ActiveCfg = Release|Any CPU
		{16B44B15-6D3E-413B-8359-935AE918D3A6}.Release|Any CPU.Build.0 = Release|Any CPU
		{16B44B15-6D3E-413B-8359-935AE918D3A6}.Release|x64.ActiveCfg = Release|Any CPU
		{16B44B15-6D3E-413B-8359-935AE918D3A6}.Release|x64.Build.0 = Release|Any CPU
		{16B44B15-6D3E-413B-8359-935AE918D3A6}.Release|x86.ActiveCfg = Release|Any CPU
		{16B44B15-6D3E-413B-8359-935AE918D3A6}.Release|x86.Build.0 = Release|Any CPU
		{FCC33D99-5BF2-4383-9175-AC7010043BC0}.Debug|Any CPU.ActiveCfg = Debug|Any CPU
		{FCC33D99-5BF2-4383-9175-AC7010043BC0}.Debug|Any CPU.Build.0 = Debug|Any CPU
		{FCC33D99-5BF2-4383-9175-AC7010043BC0}.Debug|x64.ActiveCfg = Debug|Any CPU
		{FCC33D99-5BF2-4383-9175-AC7010043BC0}.Debug|x64.Build.0 = Debug|Any CPU
		{FCC33D99-5BF2-4383-9175-AC7010043BC0}.Debug|x86.ActiveCfg = Debug|Any CPU
		{FCC33D99-5BF2-4383-9175-AC7010043BC0}.Debug|x86.Build.0 = Debug|Any CPU
		{FCC33D99-5BF2-4383-9175-AC7010043BC0}.Release|Any CPU.ActiveCfg = Release|Any CPU
		{FCC33D99-5BF2-4383-9175-AC7010043BC0}.Release|Any CPU.Build.0 = Release|Any CPU
		{FCC33D99-5BF2-4383-9175-AC7010043BC0}.Release|x64.ActiveCfg = Release|Any CPU
		{FCC33D99-5BF2-4383-9175-AC7010043BC0}.Release|x64.Build.0 = Release|Any CPU
		{FCC33D99-5BF2-4383-9175-AC7010043BC0}.Release|x86.ActiveCfg = Release|Any CPU
		{FCC33D99-5BF2-4383-9175-AC7010043BC0}.Release|x86.Build.0 = Release|Any CPU
		{F0B3D9E5-6E07-4252-851F-A3D6ED55379E}.Debug|Any CPU.ActiveCfg = Debug|Any CPU
		{F0B3D9E5-6E07-4252-851F-A3D6ED55379E}.Debug|Any CPU.Build.0 = Debug|Any CPU
		{F0B3D9E5-6E07-4252-851F-A3D6ED55379E}.Debug|x64.ActiveCfg = Debug|Any CPU
		{F0B3D9E5-6E07-4252-851F-A3D6ED55379E}.Debug|x64.Build.0 = Debug|Any CPU
		{F0B3D9E5-6E07-4252-851F-A3D6ED55379E}.Debug|x86.ActiveCfg = Debug|Any CPU
		{F0B3D9E5-6E07-4252-851F-A3D6ED55379E}.Debug|x86.Build.0 = Debug|Any CPU
		{F0B3D9E5-6E07-4252-851F-A3D6ED55379E}.Release|Any CPU.ActiveCfg = Release|Any CPU
		{F0B3D9E5-6E07-4252-851F-A3D6ED55379E}.Release|Any CPU.Build.0 = Release|Any CPU
		{F0B3D9E5-6E07-4252-851F-A3D6ED55379E}.Release|x64.ActiveCfg = Release|Any CPU
		{F0B3D9E5-6E07-4252-851F-A3D6ED55379E}.Release|x64.Build.0 = Release|Any CPU
		{F0B3D9E5-6E07-4252-851F-A3D6ED55379E}.Release|x86.ActiveCfg = Release|Any CPU
		{F0B3D9E5-6E07-4252-851F-A3D6ED55379E}.Release|x86.Build.0 = Release|Any CPU
		{60154748-CED1-4329-BCBF-FFBDDA87ED22}.Debug|Any CPU.ActiveCfg = Debug|Any CPU
		{60154748-CED1-4329-BCBF-FFBDDA87ED22}.Debug|Any CPU.Build.0 = Debug|Any CPU
		{60154748-CED1-4329-BCBF-FFBDDA87ED22}.Debug|x64.ActiveCfg = Debug|Any CPU
		{60154748-CED1-4329-BCBF-FFBDDA87ED22}.Debug|x64.Build.0 = Debug|Any CPU
		{60154748-CED1-4329-BCBF-FFBDDA87ED22}.Debug|x86.ActiveCfg = Debug|Any CPU
		{60154748-CED1-4329-BCBF-FFBDDA87ED22}.Debug|x86.Build.0 = Debug|Any CPU
		{60154748-CED1-4329-BCBF-FFBDDA87ED22}.Release|Any CPU.ActiveCfg = Release|Any CPU
		{60154748-CED1-4329-BCBF-FFBDDA87ED22}.Release|Any CPU.Build.0 = Release|Any CPU
		{60154748-CED1-4329-BCBF-FFBDDA87ED22}.Release|x64.ActiveCfg = Release|Any CPU
		{60154748-CED1-4329-BCBF-FFBDDA87ED22}.Release|x64.Build.0 = Release|Any CPU
		{60154748-CED1-4329-BCBF-FFBDDA87ED22}.Release|x86.ActiveCfg = Release|Any CPU
		{60154748-CED1-4329-BCBF-FFBDDA87ED22}.Release|x86.Build.0 = Release|Any CPU
		{4D2A585F-3F00-4BD5-9D7B-561CA170BE47}.Debug|Any CPU.ActiveCfg = Debug|Any CPU
		{4D2A585F-3F00-4BD5-9D7B-561CA170BE47}.Debug|Any CPU.Build.0 = Debug|Any CPU
		{4D2A585F-3F00-4BD5-9D7B-561CA170BE47}.Debug|x64.ActiveCfg = Debug|Any CPU
		{4D2A585F-3F00-4BD5-9D7B-561CA170BE47}.Debug|x64.Build.0 = Debug|Any CPU
		{4D2A585F-3F00-4BD5-9D7B-561CA170BE47}.Debug|x86.ActiveCfg = Debug|Any CPU
		{4D2A585F-3F00-4BD5-9D7B-561CA170BE47}.Debug|x86.Build.0 = Debug|Any CPU
		{4D2A585F-3F00-4BD5-9D7B-561CA170BE47}.Release|Any CPU.ActiveCfg = Release|Any CPU
		{4D2A585F-3F00-4BD5-9D7B-561CA170BE47}.Release|Any CPU.Build.0 = Release|Any CPU
		{4D2A585F-3F00-4BD5-9D7B-561CA170BE47}.Release|x64.ActiveCfg = Release|Any CPU
		{4D2A585F-3F00-4BD5-9D7B-561CA170BE47}.Release|x64.Build.0 = Release|Any CPU
		{4D2A585F-3F00-4BD5-9D7B-561CA170BE47}.Release|x86.ActiveCfg = Release|Any CPU
		{4D2A585F-3F00-4BD5-9D7B-561CA170BE47}.Release|x86.Build.0 = Release|Any CPU
		{41AB0FDB-8DD3-4366-9E1C-DC27F39286D3}.Debug|Any CPU.ActiveCfg = Debug|Any CPU
		{41AB0FDB-8DD3-4366-9E1C-DC27F39286D3}.Debug|Any CPU.Build.0 = Debug|Any CPU
		{41AB0FDB-8DD3-4366-9E1C-DC27F39286D3}.Debug|x64.ActiveCfg = Debug|Any CPU
		{41AB0FDB-8DD3-4366-9E1C-DC27F39286D3}.Debug|x64.Build.0 = Debug|Any CPU
		{41AB0FDB-8DD3-4366-9E1C-DC27F39286D3}.Debug|x86.ActiveCfg = Debug|Any CPU
		{41AB0FDB-8DD3-4366-9E1C-DC27F39286D3}.Debug|x86.Build.0 = Debug|Any CPU
		{41AB0FDB-8DD3-4366-9E1C-DC27F39286D3}.Release|Any CPU.ActiveCfg = Release|Any CPU
		{41AB0FDB-8DD3-4366-9E1C-DC27F39286D3}.Release|Any CPU.Build.0 = Release|Any CPU
		{41AB0FDB-8DD3-4366-9E1C-DC27F39286D3}.Release|x64.ActiveCfg = Release|Any CPU
		{41AB0FDB-8DD3-4366-9E1C-DC27F39286D3}.Release|x64.Build.0 = Release|Any CPU
		{41AB0FDB-8DD3-4366-9E1C-DC27F39286D3}.Release|x86.ActiveCfg = Release|Any CPU
		{41AB0FDB-8DD3-4366-9E1C-DC27F39286D3}.Release|x86.Build.0 = Release|Any CPU
	EndGlobalSection
EndGlobal
